
Microsoft Visual Studio Solution File, Format Version 12.00
# Visual Studio Version 16
VisualStudioVersion = 16.0.29324.140
MinimumVisualStudioVersion = 10.0.40219.1
Project("{FAE04EC0-301F-11D3-BF4B-00C04F79EFBC}") = "CircularGauge_Sample.UWP", "CircularGauge_Sample\CircularGauge_Sample.UWP\CircularGauge_Sample.UWP.csproj", "{6D5FD933-3E92-4616-84C5-C7C6F39BD366}"
EndProject
Project("{FAE04EC0-301F-11D3-BF4B-00C04F79EFBC}") = "CircularGauge_Sample.Android", "CircularGauge_Sample\CircularGauge_Sample.Android\CircularGauge_Sample.Android.csproj", "{ADF45C10-C25C-4B21-8613-A6F2551E94B4}"
EndProject
Project("{FAE04EC0-301F-11D3-BF4B-00C04F79EFBC}") = "CircularGauge_Sample.iOS", "CircularGauge_Sample\CircularGauge_Sample.iOS\CircularGauge_Sample.iOS.csproj", "{9B41FAD7-4C1A-4595-A75A-BD74D922DC39}"
EndProject
Project("{FAE04EC0-301F-11D3-BF4B-00C04F79EFBC}") = "CircularGauge_Sample", "CircularGauge_Sample\CircularGauge_Sample\CircularGauge_Sample.csproj", "{7ABC79F6-507A-4D6B-812F-C985761AC630}"
EndProject
Global
	GlobalSection(SolutionConfigurationPlatforms) = preSolution
		Debug|Any CPU = Debug|Any CPU
		Debug|ARM = Debug|ARM
		Debug|iPhone = Debug|iPhone
		Debug|iPhoneSimulator = Debug|iPhoneSimulator
		Debug|x64 = Debug|x64
		Debug|x86 = Debug|x86
		Release|Any CPU = Release|Any CPU
		Release|ARM = Release|ARM
		Release|iPhone = Release|iPhone
		Release|iPhoneSimulator = Release|iPhoneSimulator
		Release|x64 = Release|x64
		Release|x86 = Release|x86
	EndGlobalSection
	GlobalSection(ProjectConfigurationPlatforms) = postSolution
		{6D5FD933-3E92-4616-84C5-C7C6F39BD366}.Debug|Any CPU.ActiveCfg = Debug|x86
		{6D5FD933-3E92-4616-84C5-C7C6F39BD366}.Debug|Any CPU.Build.0 = Debug|x86
		{6D5FD933-3E92-4616-84C5-C7C6F39BD366}.Debug|Any CPU.Deploy.0 = Debug|x86
		{6D5FD933-3E92-4616-84C5-C7C6F39BD366}.Debug|ARM.ActiveCfg = Debug|ARM
		{6D5FD933-3E92-4616-84C5-C7C6F39BD366}.Debug|ARM.Build.0 = Debug|ARM
		{6D5FD933-3E92-4616-84C5-C7C6F39BD366}.Debug|ARM.Deploy.0 = Debug|ARM
		{6D5FD933-3E92-4616-84C5-C7C6F39BD366}.Debug|iPhone.ActiveCfg = Debug|x86
		{6D5FD933-3E92-4616-84C5-C7C6F39BD366}.Debug|iPhone.Build.0 = Debug|x86
		{6D5FD933-3E92-4616-84C5-C7C6F39BD366}.Debug|iPhone.Deploy.0 = Debug|x86
		{6D5FD933-3E92-4616-84C5-C7C6F39BD366}.Debug|iPhoneSimulator.ActiveCfg = Debug|x86
		{6D5FD933-3E92-4616-84C5-C7C6F39BD366}.Debug|iPhoneSimulator.Build.0 = Debug|x86
		{6D5FD933-3E92-4616-84C5-C7C6F39BD366}.Debug|iPhoneSimulator.Deploy.0 = Debug|x86
		{6D5FD933-3E92-4616-84C5-C7C6F39BD366}.Debug|x64.ActiveCfg = Debug|x64
		{6D5FD933-3E92-4616-84C5-C7C6F39BD366}.Debug|x64.Build.0 = Debug|x64
		{6D5FD933-3E92-4616-84C5-C7C6F39BD366}.Debug|x64.Deploy.0 = Debug|x64
		{6D5FD933-3E92-4616-84C5-C7C6F39BD366}.Debug|x86.ActiveCfg = Debug|x86
		{6D5FD933-3E92-4616-84C5-C7C6F39BD366}.Debug|x86.Build.0 = Debug|x86
		{6D5FD933-3E92-4616-84C5-C7C6F39BD366}.Debug|x86.Deploy.0 = Debug|x86
		{6D5FD933-3E92-4616-84C5-C7C6F39BD366}.Release|Any CPU.ActiveCfg = Release|x86
		{6D5FD933-3E92-4616-84C5-C7C6F39BD366}.Release|Any CPU.Build.0 = Release|x86
		{6D5FD933-3E92-4616-84C5-C7C6F39BD366}.Release|Any CPU.Deploy.0 = Release|x86
		{6D5FD933-3E92-4616-84C5-C7C6F39BD366}.Release|ARM.ActiveCfg = Release|ARM
		{6D5FD933-3E92-4616-84C5-C7C6F39BD366}.Release|ARM.Build.0 = Release|ARM
		{6D5FD933-3E92-4616-84C5-C7C6F39BD366}.Release|ARM.Deploy.0 = Release|ARM
		{6D5FD933-3E92-4616-84C5-C7C6F39BD366}.Release|iPhone.ActiveCfg = Release|x86
		{6D5FD933-3E92-4616-84C5-C7C6F39BD366}.Release|iPhone.Build.0 = Release|x86
		{6D5FD933-3E92-4616-84C5-C7C6F39BD366}.Release|iPhone.Deploy.0 = Release|x86
		{6D5FD933-3E92-4616-84C5-C7C6F39BD366}.Release|iPhoneSimulator.ActiveCfg = Release|x86
		{6D5FD933-3E92-4616-84C5-C7C6F39BD366}.Release|iPhoneSimulator.Build.0 = Release|x86
		{6D5FD933-3E92-4616-84C5-C7C6F39BD366}.Release|iPhoneSimulator.Deploy.0 = Release|x86
		{6D5FD933-3E92-4616-84C5-C7C6F39BD366}.Release|x64.ActiveCfg = Release|x64
		{6D5FD933-3E92-4616-84C5-C7C6F39BD366}.Release|x64.Build.0 = Release|x64
		{6D5FD933-3E92-4616-84C5-C7C6F39BD366}.Release|x64.Deploy.0 = Release|x64
		{6D5FD933-3E92-4616-84C5-C7C6F39BD366}.Release|x86.ActiveCfg = Release|x86
		{6D5FD933-3E92-4616-84C5-C7C6F39BD366}.Release|x86.Build.0 = Release|x86
		{6D5FD933-3E92-4616-84C5-C7C6F39BD366}.Release|x86.Deploy.0 = Release|x86
		{ADF45C10-C25C-4B21-8613-A6F2551E94B4}.Debug|Any CPU.ActiveCfg = Debug|Any CPU
		{ADF45C10-C25C-4B21-8613-A6F2551E94B4}.Debug|Any CPU.Build.0 = Debug|Any CPU
		{ADF45C10-C25C-4B21-8613-A6F2551E94B4}.Debug|Any CPU.Deploy.0 = Debug|Any CPU
		{ADF45C10-C25C-4B21-8613-A6F2551E94B4}.Debug|ARM.ActiveCfg = Debug|Any CPU
		{ADF45C10-C25C-4B21-8613-A6F2551E94B4}.Debug|ARM.Build.0 = Debug|Any CPU
		{ADF45C10-C25C-4B21-8613-A6F2551E94B4}.Debug|ARM.Deploy.0 = Debug|Any CPU
		{ADF45C10-C25C-4B21-8613-A6F2551E94B4}.Debug|iPhone.ActiveCfg = Debug|Any CPU
		{ADF45C10-C25C-4B21-8613-A6F2551E94B4}.Debug|iPhone.Build.0 = Debug|Any CPU
		{ADF45C10-C25C-4B21-8613-A6F2551E94B4}.Debug|iPhone.Deploy.0 = Debug|Any CPU
		{ADF45C10-C25C-4B21-8613-A6F2551E94B4}.Debug|iPhoneSimulator.ActiveCfg = Debug|Any CPU
		{ADF45C10-C25C-4B21-8613-A6F2551E94B4}.Debug|iPhoneSimulator.Build.0 = Debug|Any CPU
		{ADF45C10-C25C-4B21-8613-A6F2551E94B4}.Debug|iPhoneSimulator.Deploy.0 = Debug|Any CPU
		{ADF45C10-C25C-4B21-8613-A6F2551E94B4}.Debug|x64.ActiveCfg = Debug|Any CPU
		{ADF45C10-C25C-4B21-8613-A6F2551E94B4}.Debug|x64.Build.0 = Debug|Any CPU
		{ADF45C10-C25C-4B21-8613-A6F2551E94B4}.Debug|x64.Deploy.0 = Debug|Any CPU
		{ADF45C10-C25C-4B21-8613-A6F2551E94B4}.Debug|x86.ActiveCfg = Debug|Any CPU
		{ADF45C10-C25C-4B21-8613-A6F2551E94B4}.Debug|x86.Build.0 = Debug|Any CPU
		{ADF45C10-C25C-4B21-8613-A6F2551E94B4}.Debug|x86.Deploy.0 = Debug|Any CPU
		{ADF45C10-C25C-4B21-8613-A6F2551E94B4}.Release|Any CPU.ActiveCfg = Release|Any CPU
		{ADF45C10-C25C-4B21-8613-A6F2551E94B4}.Release|Any CPU.Build.0 = Release|Any CPU
		{ADF45C10-C25C-4B21-8613-A6F2551E94B4}.Release|Any CPU.Deploy.0 = Release|Any CPU
		{ADF45C10-C25C-4B21-8613-A6F2551E94B4}.Release|ARM.ActiveCfg = Release|Any CPU
		{ADF45C10-C25C-4B21-8613-A6F2551E94B4}.Release|ARM.Build.0 = Release|Any CPU
		{ADF45C10-C25C-4B21-8613-A6F2551E94B4}.Release|ARM.Deploy.0 = Release|Any CPU
		{ADF45C10-C25C-4B21-8613-A6F2551E94B4}.Release|iPhone.ActiveCfg = Release|Any CPU
		{ADF45C10-C25C-4B21-8613-A6F2551E94B4}.Release|iPhone.Build.0 = Release|Any CPU
		{ADF45C10-C25C-4B21-8613-A6F2551E94B4}.Release|iPhone.Deploy.0 = Release|Any CPU
		{ADF45C10-C25C-4B21-8613-A6F2551E94B4}.Release|iPhoneSimulator.ActiveCfg = Release|Any CPU
		{ADF45C10-C25C-4B21-8613-A6F2551E94B4}.Release|iPhoneSimulator.Build.0 = Release|Any CPU
		{ADF45C10-C25C-4B21-8613-A6F2551E94B4}.Release|iPhoneSimulator.Deploy.0 = Release|Any CPU
		{ADF45C10-C25C-4B21-8613-A6F2551E94B4}.Release|x64.ActiveCfg = Release|Any CPU
		{ADF45C10-C25C-4B21-8613-A6F2551E94B4}.Release|x64.Build.0 = Release|Any CPU
		{ADF45C10-C25C-4B21-8613-A6F2551E94B4}.Release|x64.Deploy.0 = Release|Any CPU
		{ADF45C10-C25C-4B21-8613-A6F2551E94B4}.Release|x86.ActiveCfg = Release|Any CPU
		{ADF45C10-C25C-4B21-8613-A6F2551E94B4}.Release|x86.Build.0 = Release|Any CPU
		{ADF45C10-C25C-4B21-8613-A6F2551E94B4}.Release|x86.Deploy.0 = Release|Any CPU
		{9B41FAD7-4C1A-4595-A75A-BD74D922DC39}.Debug|Any CPU.ActiveCfg = Debug|iPhone
		{9B41FAD7-4C1A-4595-A75A-BD74D922DC39}.Debug|Any CPU.Build.0 = Debug|iPhone
		{9B41FAD7-4C1A-4595-A75A-BD74D922DC39}.Debug|Any CPU.Deploy.0 = Debug|iPhone
		{9B41FAD7-4C1A-4595-A75A-BD74D922DC39}.Debug|ARM.ActiveCfg = Debug|iPhoneSimulator
		{9B41FAD7-4C1A-4595-A75A-BD74D922DC39}.Debug|ARM.Build.0 = Debug|iPhoneSimulator
		{9B41FAD7-4C1A-4595-A75A-BD74D922DC39}.Debug|ARM.Deploy.0 = Debug|iPhoneSimulator
		{9B41FAD7-4C1A-4595-A75A-BD74D922DC39}.Debug|iPhone.ActiveCfg = Debug|iPhone
		{9B41FAD7-4C1A-4595-A75A-BD74D922DC39}.Debug|iPhone.Build.0 = Debug|iPhone
		{9B41FAD7-4C1A-4595-A75A-BD74D922DC39}.Debug|iPhone.Deploy.0 = Debug|iPhone
		{9B41FAD7-4C1A-4595-A75A-BD74D922DC39}.Debug|iPhoneSimulator.ActiveCfg = Debug|iPhoneSimulator
		{9B41FAD7-4C1A-4595-A75A-BD74D922DC39}.Debug|iPhoneSimulator.Build.0 = Debug|iPhoneSimulator
		{9B41FAD7-4C1A-4595-A75A-BD74D922DC39}.Debug|iPhoneSimulator.Deploy.0 = Debug|iPhoneSimulator
		{9B41FAD7-4C1A-4595-A75A-BD74D922DC39}.Debug|x64.ActiveCfg = Debug|iPhone
		{9B41FAD7-4C1A-4595-A75A-BD74D922DC39}.Debug|x64.Build.0 = Debug|iPhone
		{9B41FAD7-4C1A-4595-A75A-BD74D922DC39}.Debug|x64.Deploy.0 = Debug|iPhone
		{9B41FAD7-4C1A-4595-A75A-BD74D922DC39}.Debug|x86.ActiveCfg = Debug|iPhone
		{9B41FAD7-4C1A-4595-A75A-BD74D922DC39}.Debug|x86.Build.0 = Debug|iPhone
		{9B41FAD7-4C1A-4595-A75A-BD74D922DC39}.Debug|x86.Deploy.0 = Debug|iPhone
		{9B41FAD7-4C1A-4595-A75A-BD74D922DC39}.Release|Any CPU.ActiveCfg = Release|iPhone
		{9B41FAD7-4C1A-4595-A75A-BD74D922DC39}.Release|Any CPU.Build.0 = Release|iPhone
		{9B41FAD7-4C1A-4595-A75A-BD74D922DC39}.Release|Any CPU.Deploy.0 = Release|iPhone
		{9B41FAD7-4C1A-4595-A75A-BD74D922DC39}.Release|ARM.ActiveCfg = Release|iPhone
		{9B41FAD7-4C1A-4595-A75A-BD74D922DC39}.Release|ARM.Build.0 = Release|iPhone
		{9B41FAD7-4C1A-4595-A75A-BD74D922DC39}.Release|ARM.Deploy.0 = Release|iPhone
		{9B41FAD7-4C1A-4595-A75A-BD74D922DC39}.Release|iPhone.ActiveCfg = Release|iPhone
		{9B41FAD7-4C1A-4595-A75A-BD74D922DC39}.Release|iPhone.Build.0 = Release|iPhone
		{9B41FAD7-4C1A-4595-A75A-BD74D922DC39}.Release|iPhone.Deploy.0 = Release|iPhone
		{9B41FAD7-4C1A-4595-A75A-BD74D922DC39}.Release|iPhoneSimulator.ActiveCfg = Release|iPhoneSimulator
		{9B41FAD7-4C1A-4595-A75A-BD74D922DC39}.Release|iPhoneSimulator.Build.0 = Release|iPhoneSimulator
		{9B41FAD7-4C1A-4595-A75A-BD74D922DC39}.Release|iPhoneSimulator.Deploy.0 = Release|iPhoneSimulator
		{9B41FAD7-4C1A-4595-A75A-BD74D922DC39}.Release|x64.ActiveCfg = Release|iPhone
		{9B41FAD7-4C1A-4595-A75A-BD74D922DC39}.Release|x64.Build.0 = Release|iPhone
		{9B41FAD7-4C1A-4595-A75A-BD74D922DC39}.Release|x64.Deploy.0 = Release|iPhone
		{9B41FAD7-4C1A-4595-A75A-BD74D922DC39}.Release|x86.ActiveCfg = Release|iPhone
		{9B41FAD7-4C1A-4595-A75A-BD74D922DC39}.Release|x86.Build.0 = Release|iPhone
		{9B41FAD7-4C1A-4595-A75A-BD74D922DC39}.Release|x86.Deploy.0 = Release|iPhone
		{7ABC79F6-507A-4D6B-812F-C985761AC630}.Debug|Any CPU.ActiveCfg = Debug|Any CPU
		{7ABC79F6-507A-4D6B-812F-C985761AC630}.Debug|Any CPU.Build.0 = Debug|Any CPU
		{7ABC79F6-507A-4D6B-812F-C985761AC630}.Debug|Any CPU.Deploy.0 = Debug|Any CPU
		{7ABC79F6-507A-4D6B-812F-C985761AC630}.Debug|ARM.ActiveCfg = Debug|Any CPU
		{7ABC79F6-507A-4D6B-812F-C985761AC630}.Debug|ARM.Build.0 = Debug|Any CPU
		{7ABC79F6-507A-4D6B-812F-C985761AC630}.Debug|ARM.Deploy.0 = Debug|Any CPU
		{7ABC79F6-507A-4D6B-812F-C985761AC630}.Debug|iPhone.ActiveCfg = Debug|Any CPU
		{7ABC79F6-507A-4D6B-812F-C985761AC630}.Debug|iPhone.Build.0 = Debug|Any CPU
		{7ABC79F6-507A-4D6B-812F-C985761AC630}.Debug|iPhone.Deploy.0 = Debug|Any CPU
		{7ABC79F6-507A-4D6B-812F-C985761AC630}.Debug|iPhoneSimulator.ActiveCfg = Debug|Any CPU
		{7ABC79F6-507A-4D6B-812F-C985761AC630}.Debug|iPhoneSimulator.Build.0 = Debug|Any CPU
		{7ABC79F6-507A-4D6B-812F-C985761AC630}.Debug|iPhoneSimulator.Deploy.0 = Debug|Any CPU
		{7ABC79F6-507A-4D6B-812F-C985761AC630}.Debug|x64.ActiveCfg = Debug|Any CPU
		{7ABC79F6-507A-4D6B-812F-C985761AC630}.Debug|x64.Build.0 = Debug|Any CPU
		{7ABC79F6-507A-4D6B-812F-C985761AC630}.Debug|x64.Deploy.0 = Debug|Any CPU
		{7ABC79F6-507A-4D6B-812F-C985761AC630}.Debug|x86.ActiveCfg = Debug|Any CPU
		{7ABC79F6-507A-4D6B-812F-C985761AC630}.Debug|x86.Build.0 = Debug|Any CPU
		{7ABC79F6-507A-4D6B-812F-C985761AC630}.Debug|x86.Deploy.0 = Debug|Any CPU
		{7ABC79F6-507A-4D6B-812F-C985761AC630}.Release|Any CPU.ActiveCfg = Release|Any CPU
		{7ABC79F6-507A-4D6B-812F-C985761AC630}.Release|Any CPU.Build.0 = Release|Any CPU
		{7ABC79F6-507A-4D6B-812F-C985761AC630}.Release|Any CPU.Deploy.0 = Release|Any CPU
		{7ABC79F6-507A-4D6B-812F-C985761AC630}.Release|ARM.ActiveCfg = Release|Any CPU
		{7ABC79F6-507A-4D6B-812F-C985761AC630}.Release|ARM.Build.0 = Release|Any CPU
		{7ABC79F6-507A-4D6B-812F-C985761AC630}.Release|ARM.Deploy.0 = Release|Any CPU
		{7ABC79F6-507A-4D6B-812F-C985761AC630}.Release|iPhone.ActiveCfg = Release|Any CPU
		{7ABC79F6-507A-4D6B-812F-C985761AC630}.Release|iPhone.Build.0 = Release|Any CPU
		{7ABC79F6-507A-4D6B-812F-C985761AC630}.Release|iPhone.Deploy.0 = Release|Any CPU
		{7ABC79F6-507A-4D6B-812F-C985761AC630}.Release|iPhoneSimulator.ActiveCfg = Release|Any CPU
		{7ABC79F6-507A-4D6B-812F-C985761AC630}.Release|iPhoneSimulator.Build.0 = Release|Any CPU
		{7ABC79F6-507A-4D6B-812F-C985761AC630}.Release|iPhoneSimulator.Deploy.0 = Release|Any CPU
		{7ABC79F6-507A-4D6B-812F-C985761AC630}.Release|x64.ActiveCfg = Release|Any CPU
		{7ABC79F6-507A-4D6B-812F-C985761AC630}.Release|x64.Build.0 = Release|Any CPU
		{7ABC79F6-507A-4D6B-812F-C985761AC630}.Release|x64.Deploy.0 = Release|Any CPU
		{7ABC79F6-507A-4D6B-812F-C985761AC630}.Release|x86.ActiveCfg = Release|Any CPU
		{7ABC79F6-507A-4D6B-812F-C985761AC630}.Release|x86.Build.0 = Release|Any CPU
		{7ABC79F6-507A-4D6B-812F-C985761AC630}.Release|x86.Deploy.0 = Release|Any CPU
	EndGlobalSection
	GlobalSection(SolutionProperties) = preSolution
		HideSolutionNode = FALSE
	EndGlobalSection
	GlobalSection(ExtensibilityGlobals) = postSolution
		SolutionGuid = {E979FBBB-9151-40F1-BF15-78FB98A628CD}
	EndGlobalSection
EndGlobal
